
Microsoft Visual Studio Solution File, Format Version 12.00
# Visual Studio Version 17
VisualStudioVersion = 17.8.34511.84
MinimumVisualStudioVersion = 10.0.40219.1
Project("{9A19103F-16F7-4668-BE54-9A1E7A4F7556}") = "ComputationalMathConsole", "ComputationalMathConsole\ComputationalMathConsole.csproj", "{4EF59CDC-171B-4CF0-9A9A-F1C863CDBA30}"
EndProject
Project("{FAE04EC0-301F-11D3-BF4B-00C04F79EFBC}") = "InterpolatingLagrange", "InterpolatingLagrange\InterpolatingLagrange.csproj", "{8EE8EC25-F7FF-4C9E-BB14-E9401C75F841}"
EndProject
Global
	GlobalSection(SolutionConfigurationPlatforms) = preSolution
		Debug|Any CPU = Debug|Any CPU
		Release|Any CPU = Release|Any CPU
	EndGlobalSection
	GlobalSection(ProjectConfigurationPlatforms) = postSolution
		{4EF59CDC-171B-4CF0-9A9A-F1C863CDBA30}.Debug|Any CPU.ActiveCfg = Debug|Any CPU
		{4EF59CDC-171B-4CF0-9A9A-F1C863CDBA30}.Debug|Any CPU.Build.0 = Debug|Any CPU
		{4EF59CDC-171B-4CF0-9A9A-F1C863CDBA30}.Release|Any CPU.ActiveCfg = Release|Any CPU
		{4EF59CDC-171B-4CF0-9A9A-F1C863CDBA30}.Release|Any CPU.Build.0 = Release|Any CPU
		{8EE8EC25-F7FF-4C9E-BB14-E9401C75F841}.Debug|Any CPU.ActiveCfg = Debug|Any CPU
		{8EE8EC25-F7FF-4C9E-BB14-E9401C75F841}.Debug|Any CPU.Build.0 = Debug|Any CPU
		{8EE8EC25-F7FF-4C9E-BB14-E9401C75F841}.Release|Any CPU.ActiveCfg = Release|Any CPU
		{8EE8EC25-F7FF-4C9E-BB14-E9401C75F841}.Release|Any CPU.Build.0 = Release|Any CPU
	EndGlobalSection
	GlobalSection(SolutionProperties) = preSolution
		HideSolutionNode = FALSE
	EndGlobalSection
	GlobalSection(ExtensibilityGlobals) = postSolution
		SolutionGuid = {F086FA24-DC7C-4DF5-B31A-4A73870D43EC}
	EndGlobalSection
EndGlobal
